
Microsoft Visual Studio Solution File, Format Version 12.00
# Visual Studio Version 17
VisualStudioVersion = 17.0.31808.319
MinimumVisualStudioVersion = 10.0.40219.1
Project("{8BC9CEB8-8B4A-11D0-8D11-00A0C91BC942}") = "Stack and Queue", "Stack and Queue.vcxproj", "{04E0A3D3-803F-4A39-9106-7B0701A4F1DC}"
EndProject
Global
	GlobalSection(SolutionConfigurationPlatforms) = preSolution
		Debug|x64 = Debug|x64
		Debug|x86 = Debug|x86
		Release|x64 = Release|x64
		Release|x86 = Release|x86
	EndGlobalSection
	GlobalSection(ProjectConfigurationPlatforms) = postSolution
		{04E0A3D3-803F-4A39-9106-7B0701A4F1DC}.Debug|x64.ActiveCfg = Debug|x64
		{04E0A3D3-803F-4A39-9106-7B0701A4F1DC}.Debug|x64.Build.0 = Debug|x64
		{04E0A3D3-803F-4A39-9106-7B0701A4F1DC}.Debug|x86.ActiveCfg = Debug|Win32
		{04E0A3D3-803F-4A39-9106-7B0701A4F1DC}.Debug|x86.Build.0 = Debug|Win32
		{04E0A3D3-803F-4A39-9106-7B0701A4F1DC}.Release|x64.ActiveCfg = Release|x64
		{04E0A3D3-803F-4A39-9106-7B0701A4F1DC}.Release|x64.Build.0 = Release|x64
		{04E0A3D3-803F-4A39-9106-7B0701A4F1DC}.Release|x86.ActiveCfg = Release|Win32
		{04E0A3D3-803F-4A39-9106-7B0701A4F1DC}.Release|x86.Build.0 = Release|Win32
	EndGlobalSection
	GlobalSection(SolutionProperties) = preSolution
		HideSolutionNode = FALSE
	EndGlobalSection
	GlobalSection(ExtensibilityGlobals) = postSolution
		SolutionGuid = {EA932C7A-E35D-4CE7-90DB-0C592DFB5B28}
	EndGlobalSection
EndGlobal
